
Microsoft Visual Studio Solution File, Format Version 12.00
# Visual Studio Version 16
VisualStudioVersion = 16.0.29424.173
MinimumVisualStudioVersion = 10.0.40219.1
Project("{9A19103F-16F7-4668-BE54-9A1E7A4F7556}") = "lesson-1", "lesson-1\lesson-1.csproj", "{3E4A42BE-DEBB-41A9-8732-6AAD3FD144CA}"
EndProject
Project("{2150E333-8FDC-42A3-9474-1A3956D46DE8}") = "lesson-2", "lesson-2", "{2D22F866-24B4-4AD9-91B9-838D267EB67D}"
EndProject
Project("{9A19103F-16F7-4668-BE54-9A1E7A4F7556}") = "lesson-2-1", "lesson-2\lesson-2-1\lesson-2-1.csproj", "{5BF1703B-5A9A-428D-A24E-79293C030205}"
EndProject
Project("{9A19103F-16F7-4668-BE54-9A1E7A4F7556}") = "lesson-2-2", "lesson-2\lesson-2-2\lesson-2-2.csproj", "{0ADD6212-4271-4500-A928-38E1BAC2DEC4}"
EndProject
Project("{9A19103F-16F7-4668-BE54-9A1E7A4F7556}") = "lesson-2-3", "lesson-2\lesson-2-3\lesson-2-3.csproj", "{14ED4461-72C1-4186-88F8-75A8F5CD70FF}"
EndProject
Project("{9A19103F-16F7-4668-BE54-9A1E7A4F7556}") = "lesson-2-4", "lesson-2\lesson-2-4\lesson-2-4.csproj", "{76472D00-111C-480C-8AA5-1F64444A703A}"
EndProject
Project("{9A19103F-16F7-4668-BE54-9A1E7A4F7556}") = "lesson-2-5", "lesson-2\lesson-2-5\lesson-2-5.csproj", "{6B9C1998-03BA-4F09-8163-2D46BC19CC85}"
EndProject
Global
	GlobalSection(SolutionConfigurationPlatforms) = preSolution
		Debug|Any CPU = Debug|Any CPU
		Release|Any CPU = Release|Any CPU
	EndGlobalSection
	GlobalSection(ProjectConfigurationPlatforms) = postSolution
		{3E4A42BE-DEBB-41A9-8732-6AAD3FD144CA}.Debug|Any CPU.ActiveCfg = Debug|Any CPU
		{3E4A42BE-DEBB-41A9-8732-6AAD3FD144CA}.Debug|Any CPU.Build.0 = Debug|Any CPU
		{3E4A42BE-DEBB-41A9-8732-6AAD3FD144CA}.Release|Any CPU.ActiveCfg = Release|Any CPU
		{3E4A42BE-DEBB-41A9-8732-6AAD3FD144CA}.Release|Any CPU.Build.0 = Release|Any CPU
		{5BF1703B-5A9A-428D-A24E-79293C030205}.Debug|Any CPU.ActiveCfg = Debug|Any CPU
		{5BF1703B-5A9A-428D-A24E-79293C030205}.Debug|Any CPU.Build.0 = Debug|Any CPU
		{5BF1703B-5A9A-428D-A24E-79293C030205}.Release|Any CPU.ActiveCfg = Release|Any CPU
		{5BF1703B-5A9A-428D-A24E-79293C030205}.Release|Any CPU.Build.0 = Release|Any CPU
		{0ADD6212-4271-4500-A928-38E1BAC2DEC4}.Debug|Any CPU.ActiveCfg = Debug|Any CPU
		{0ADD6212-4271-4500-A928-38E1BAC2DEC4}.Debug|Any CPU.Build.0 = Debug|Any CPU
		{0ADD6212-4271-4500-A928-38E1BAC2DEC4}.Release|Any CPU.ActiveCfg = Release|Any CPU
		{0ADD6212-4271-4500-A928-38E1BAC2DEC4}.Release|Any CPU.Build.0 = Release|Any CPU
		{14ED4461-72C1-4186-88F8-75A8F5CD70FF}.Debug|Any CPU.ActiveCfg = Debug|Any CPU
		{14ED4461-72C1-4186-88F8-75A8F5CD70FF}.Debug|Any CPU.Build.0 = Debug|Any CPU
		{14ED4461-72C1-4186-88F8-75A8F5CD70FF}.Release|Any CPU.ActiveCfg = Release|Any CPU
		{14ED4461-72C1-4186-88F8-75A8F5CD70FF}.Release|Any CPU.Build.0 = Release|Any CPU
		{76472D00-111C-480C-8AA5-1F64444A703A}.Debug|Any CPU.ActiveCfg = Debug|Any CPU
		{76472D00-111C-480C-8AA5-1F64444A703A}.Debug|Any CPU.Build.0 = Debug|Any CPU
		{76472D00-111C-480C-8AA5-1F64444A703A}.Release|Any CPU.ActiveCfg = Release|Any CPU
		{76472D00-111C-480C-8AA5-1F64444A703A}.Release|Any CPU.Build.0 = Release|Any CPU
		{6B9C1998-03BA-4F09-8163-2D46BC19CC85}.Debug|Any CPU.ActiveCfg = Debug|Any CPU
		{6B9C1998-03BA-4F09-8163-2D46BC19CC85}.Debug|Any CPU.Build.0 = Debug|Any CPU
		{6B9C1998-03BA-4F09-8163-2D46BC19CC85}.Release|Any CPU.ActiveCfg = Release|Any CPU
		{6B9C1998-03BA-4F09-8163-2D46BC19CC85}.Release|Any CPU.Build.0 = Release|Any CPU
	EndGlobalSection
	GlobalSection(SolutionProperties) = preSolution
		HideSolutionNode = FALSE
	EndGlobalSection
	GlobalSection(NestedProjects) = preSolution
		{5BF1703B-5A9A-428D-A24E-79293C030205} = {2D22F866-24B4-4AD9-91B9-838D267EB67D}
		{0ADD6212-4271-4500-A928-38E1BAC2DEC4} = {2D22F866-24B4-4AD9-91B9-838D267EB67D}
		{14ED4461-72C1-4186-88F8-75A8F5CD70FF} = {2D22F866-24B4-4AD9-91B9-838D267EB67D}
		{76472D00-111C-480C-8AA5-1F64444A703A} = {2D22F866-24B4-4AD9-91B9-838D267EB67D}
		{6B9C1998-03BA-4F09-8163-2D46BC19CC85} = {2D22F866-24B4-4AD9-91B9-838D267EB67D}
	EndGlobalSection
	GlobalSection(ExtensibilityGlobals) = postSolution
		SolutionGuid = {E8BFA173-8B09-4404-9EEB-2C33160655B5}
	EndGlobalSection
EndGlobal
