
Microsoft Visual Studio Solution File, Format Version 12.00
# Visual Studio Version 16
VisualStudioVersion = 16.0.29424.173
MinimumVisualStudioVersion = 10.0.40219.1
Project("{9A19103F-16F7-4668-BE54-9A1E7A4F7556}") = "lesson-1", "lesson-1\lesson-1.csproj", "{3E4A42BE-DEBB-41A9-8732-6AAD3FD144CA}"
EndProject
Project("{FAE04EC0-301F-11D3-BF4B-00C04F79EFBC}") = "lesson-2", "lesson-2\lesson-2.csproj", "{07A874DC-2DBA-410C-AA8E-6FCFB36E614B}"
EndProject
Global
	GlobalSection(SolutionConfigurationPlatforms) = preSolution
		Debug|Any CPU = Debug|Any CPU
		Release|Any CPU = Release|Any CPU
	EndGlobalSection
	GlobalSection(ProjectConfigurationPlatforms) = postSolution
		{3E4A42BE-DEBB-41A9-8732-6AAD3FD144CA}.Debug|Any CPU.ActiveCfg = Debug|Any CPU
		{3E4A42BE-DEBB-41A9-8732-6AAD3FD144CA}.Debug|Any CPU.Build.0 = Debug|Any CPU
		{3E4A42BE-DEBB-41A9-8732-6AAD3FD144CA}.Release|Any CPU.ActiveCfg = Release|Any CPU
		{3E4A42BE-DEBB-41A9-8732-6AAD3FD144CA}.Release|Any CPU.Build.0 = Release|Any CPU
		{07A874DC-2DBA-410C-AA8E-6FCFB36E614B}.Debug|Any CPU.ActiveCfg = Debug|Any CPU
		{07A874DC-2DBA-410C-AA8E-6FCFB36E614B}.Debug|Any CPU.Build.0 = Debug|Any CPU
		{07A874DC-2DBA-410C-AA8E-6FCFB36E614B}.Release|Any CPU.ActiveCfg = Release|Any CPU
		{07A874DC-2DBA-410C-AA8E-6FCFB36E614B}.Release|Any CPU.Build.0 = Release|Any CPU
	EndGlobalSection
	GlobalSection(SolutionProperties) = preSolution
		HideSolutionNode = FALSE
	EndGlobalSection
	GlobalSection(ExtensibilityGlobals) = postSolution
		SolutionGuid = {E8BFA173-8B09-4404-9EEB-2C33160655B5}
	EndGlobalSection
EndGlobal
