
Microsoft Visual Studio Solution File, Format Version 12.00
# Visual Studio Version 16
VisualStudioVersion = 16.0.29424.173
MinimumVisualStudioVersion = 10.0.40219.1
Project("{9A19103F-16F7-4668-BE54-9A1E7A4F7556}") = "lesson-1", "lesson-1\lesson-1.csproj", "{3E4A42BE-DEBB-41A9-8732-6AAD3FD144CA}"
EndProject
Project("{2150E333-8FDC-42A3-9474-1A3956D46DE8}") = "lesson-2", "lesson-2", "{2D22F866-24B4-4AD9-91B9-838D267EB67D}"
EndProject
Project("{9A19103F-16F7-4668-BE54-9A1E7A4F7556}") = "lesson-2-1", "lesson-2\lesson-2-1\lesson-2-1.csproj", "{5BF1703B-5A9A-428D-A24E-79293C030205}"
EndProject
Project("{9A19103F-16F7-4668-BE54-9A1E7A4F7556}") = "lesson-2-2", "lesson-2\lesson-2-2\lesson-2-2.csproj", "{0ADD6212-4271-4500-A928-38E1BAC2DEC4}"
EndProject
Project("{9A19103F-16F7-4668-BE54-9A1E7A4F7556}") = "lesson-2-3", "lesson-2\lesson-2-3\lesson-2-3.csproj", "{14ED4461-72C1-4186-88F8-75A8F5CD70FF}"
EndProject
Project("{9A19103F-16F7-4668-BE54-9A1E7A4F7556}") = "lesson-2-4", "lesson-2\lesson-2-4\lesson-2-4.csproj", "{76472D00-111C-480C-8AA5-1F64444A703A}"
EndProject
Project("{9A19103F-16F7-4668-BE54-9A1E7A4F7556}") = "lesson-2-5", "lesson-2\lesson-2-5\lesson-2-5.csproj", "{6B9C1998-03BA-4F09-8163-2D46BC19CC85}"
EndProject
Project("{2150E333-8FDC-42A3-9474-1A3956D46DE8}") = "lesson-3", "lesson-3", "{1F13AF88-37DE-4229-B4B2-FD1532794E7D}"
EndProject
Project("{9A19103F-16F7-4668-BE54-9A1E7A4F7556}") = "lesson-3-1", "lesson-3\lesson-3-1\lesson-3-1.csproj", "{961BE19C-3052-4442-BDC3-65F35F068E31}"
EndProject
Project("{9A19103F-16F7-4668-BE54-9A1E7A4F7556}") = "lesson-3-2", "lesson-3\lesson-3-2\lesson-3-2.csproj", "{7A8A0D06-E054-44E4-9F31-64C09EFBF1DD}"
EndProject
Project("{9A19103F-16F7-4668-BE54-9A1E7A4F7556}") = "lesson-3-3", "lesson-3\lesson-3-3\lesson-3-3.csproj", "{704E3F6E-82F6-4683-8B03-66DB241476EB}"
EndProject
Project("{9A19103F-16F7-4668-BE54-9A1E7A4F7556}") = "lesson-3-4", "lesson-3\lesson-3-4\lesson-3-4.csproj", "{AEF9380D-91D8-40A1-B4DE-060626B1E1D3}"
EndProject
Project("{9A19103F-16F7-4668-BE54-9A1E7A4F7556}") = "lesson-3-5", "lesson-3\lesson-3-5\lesson-3-5.csproj", "{4677C989-5ABC-450C-972C-DB8D8794B588}"
EndProject
Project("{2150E333-8FDC-42A3-9474-1A3956D46DE8}") = "lesson-4", "lesson-4", "{7D773398-4BDA-4011-8779-687FB44CA9A0}"
EndProject
Project("{9A19103F-16F7-4668-BE54-9A1E7A4F7556}") = "lesson-4-1", "lesson-4\lesson-4-1\lesson-4-1.csproj", "{F5C8AA83-DA5E-4229-834A-D59170905C55}"
EndProject
Project("{9A19103F-16F7-4668-BE54-9A1E7A4F7556}") = "lesson-4-2", "lesson-4\lesson-4-2\lesson-4-2.csproj", "{9464B322-4441-4189-8987-5783259C146C}"
EndProject
Project("{9A19103F-16F7-4668-BE54-9A1E7A4F7556}") = "lesson-4-3", "lesson-4\lesson-4-3\lesson-4-3.csproj", "{5CB2B8EF-C7B3-433B-B3AC-DC4F3E49D722}"
EndProject
Project("{9A19103F-16F7-4668-BE54-9A1E7A4F7556}") = "lesson-4-4", "lesson-4\lesson-4-4\lesson-4-4.csproj", "{121B813F-893E-4601-B7DA-E766451B504E}"
EndProject
Project("{9A19103F-16F7-4668-BE54-9A1E7A4F7556}") = "lesson-4-5", "lesson-4\lesson-4-5\lesson-4-5.csproj", "{8281352C-4EB9-4B25-84CB-48366D6A12DD}"
EndProject
Project("{2150E333-8FDC-42A3-9474-1A3956D46DE8}") = "lesson-5", "lesson-5", "{4449F480-D9DE-4F4F-B5BD-9F23C0FB92B4}"
EndProject
Project("{9A19103F-16F7-4668-BE54-9A1E7A4F7556}") = "lesson-5-1", "lesson-5\lesson-5-1\lesson-5-1.csproj", "{3DA28002-0527-45E0-985D-A9358029F68B}"
EndProject
Project("{9A19103F-16F7-4668-BE54-9A1E7A4F7556}") = "lesson-5-2", "lesson-5\lesson-5-2\lesson-5-2.csproj", "{693E5DB4-573F-4FFD-879C-16877A886950}"
EndProject
Project("{9A19103F-16F7-4668-BE54-9A1E7A4F7556}") = "lesson-5-3", "lesson-5\lesson-5-3\lesson-5-3.csproj", "{F75CB1AB-9176-4299-8AC0-683053918F6D}"
EndProject
Project("{9A19103F-16F7-4668-BE54-9A1E7A4F7556}") = "lesson-5-4", "lesson-5\lesson-5-4\lesson-5-4.csproj", "{67FAF4EA-20CD-4FEF-BF69-2D14B3AB591F}"
EndProject
Project("{9A19103F-16F7-4668-BE54-9A1E7A4F7556}") = "ToDo-list", "lesson-5\ToDo-list\ToDo-list.csproj", "{B766EBB6-78BD-481F-A03F-799C6E166FB1}"
EndProject
Project("{FAE04EC0-301F-11D3-BF4B-00C04F79EFBC}") = "FrequencyDictionary", "lesson-5\FrequencyDictionary\FrequencyDictionary.csproj", "{5E0185A1-5FBD-4920-8944-2FC66F286789}"
EndProject
Project("{2150E333-8FDC-42A3-9474-1A3956D46DE8}") = "lesson-6", "lesson-6", "{8D616A49-3E15-4BB5-B981-3DCB17D0C8C3}"
EndProject
Project("{9A19103F-16F7-4668-BE54-9A1E7A4F7556}") = "Task Manager", "lesson-6\Task Manager\Task Manager.csproj", "{50FDC040-BC64-48C2-B216-75B2ADA172FB}"
EndProject
Project("{2150E333-8FDC-42A3-9474-1A3956D46DE8}") = "lesson-7", "lesson-7", "{4C4E5EF1-AD9B-4CC9-A2DD-6B3BF49AA992}"
	ProjectSection(SolutionItems) = preProject
		lesson-7\1.png = lesson-7\1.png
		lesson-7\2.png = lesson-7\2.png
		lesson-7\3.png = lesson-7\3.png
		lesson-7\4.png = lesson-7\4.png
		lesson-7\5.png = lesson-7\5.png
	EndProjectSection
EndProject
Project("{9A19103F-16F7-4668-BE54-9A1E7A4F7556}") = "lesson-8", "lesson-8\lesson-8.csproj", "{3F912B16-F695-4F0D-BA8F-B37B7BC241B3}"
EndProject
Project("{FAE04EC0-301F-11D3-BF4B-00C04F79EFBC}") = "FileManager", "FileManager\FileManager.csproj", "{FCA12FF8-EFED-46D6-BB87-0A56E48997C4}"
EndProject
Global
	GlobalSection(SolutionConfigurationPlatforms) = preSolution
		Debug|Any CPU = Debug|Any CPU
		Release|Any CPU = Release|Any CPU
	EndGlobalSection
	GlobalSection(ProjectConfigurationPlatforms) = postSolution
		{3E4A42BE-DEBB-41A9-8732-6AAD3FD144CA}.Debug|Any CPU.ActiveCfg = Debug|Any CPU
		{3E4A42BE-DEBB-41A9-8732-6AAD3FD144CA}.Debug|Any CPU.Build.0 = Debug|Any CPU
		{3E4A42BE-DEBB-41A9-8732-6AAD3FD144CA}.Release|Any CPU.ActiveCfg = Release|Any CPU
		{3E4A42BE-DEBB-41A9-8732-6AAD3FD144CA}.Release|Any CPU.Build.0 = Release|Any CPU
		{5BF1703B-5A9A-428D-A24E-79293C030205}.Debug|Any CPU.ActiveCfg = Debug|Any CPU
		{5BF1703B-5A9A-428D-A24E-79293C030205}.Debug|Any CPU.Build.0 = Debug|Any CPU
		{5BF1703B-5A9A-428D-A24E-79293C030205}.Release|Any CPU.ActiveCfg = Release|Any CPU
		{5BF1703B-5A9A-428D-A24E-79293C030205}.Release|Any CPU.Build.0 = Release|Any CPU
		{0ADD6212-4271-4500-A928-38E1BAC2DEC4}.Debug|Any CPU.ActiveCfg = Debug|Any CPU
		{0ADD6212-4271-4500-A928-38E1BAC2DEC4}.Debug|Any CPU.Build.0 = Debug|Any CPU
		{0ADD6212-4271-4500-A928-38E1BAC2DEC4}.Release|Any CPU.ActiveCfg = Release|Any CPU
		{0ADD6212-4271-4500-A928-38E1BAC2DEC4}.Release|Any CPU.Build.0 = Release|Any CPU
		{14ED4461-72C1-4186-88F8-75A8F5CD70FF}.Debug|Any CPU.ActiveCfg = Debug|Any CPU
		{14ED4461-72C1-4186-88F8-75A8F5CD70FF}.Debug|Any CPU.Build.0 = Debug|Any CPU
		{14ED4461-72C1-4186-88F8-75A8F5CD70FF}.Release|Any CPU.ActiveCfg = Release|Any CPU
		{14ED4461-72C1-4186-88F8-75A8F5CD70FF}.Release|Any CPU.Build.0 = Release|Any CPU
		{76472D00-111C-480C-8AA5-1F64444A703A}.Debug|Any CPU.ActiveCfg = Debug|Any CPU
		{76472D00-111C-480C-8AA5-1F64444A703A}.Debug|Any CPU.Build.0 = Debug|Any CPU
		{76472D00-111C-480C-8AA5-1F64444A703A}.Release|Any CPU.ActiveCfg = Release|Any CPU
		{76472D00-111C-480C-8AA5-1F64444A703A}.Release|Any CPU.Build.0 = Release|Any CPU
		{6B9C1998-03BA-4F09-8163-2D46BC19CC85}.Debug|Any CPU.ActiveCfg = Debug|Any CPU
		{6B9C1998-03BA-4F09-8163-2D46BC19CC85}.Debug|Any CPU.Build.0 = Debug|Any CPU
		{6B9C1998-03BA-4F09-8163-2D46BC19CC85}.Release|Any CPU.ActiveCfg = Release|Any CPU
		{6B9C1998-03BA-4F09-8163-2D46BC19CC85}.Release|Any CPU.Build.0 = Release|Any CPU
		{961BE19C-3052-4442-BDC3-65F35F068E31}.Debug|Any CPU.ActiveCfg = Debug|Any CPU
		{961BE19C-3052-4442-BDC3-65F35F068E31}.Debug|Any CPU.Build.0 = Debug|Any CPU
		{961BE19C-3052-4442-BDC3-65F35F068E31}.Release|Any CPU.ActiveCfg = Release|Any CPU
		{961BE19C-3052-4442-BDC3-65F35F068E31}.Release|Any CPU.Build.0 = Release|Any CPU
		{7A8A0D06-E054-44E4-9F31-64C09EFBF1DD}.Debug|Any CPU.ActiveCfg = Debug|Any CPU
		{7A8A0D06-E054-44E4-9F31-64C09EFBF1DD}.Debug|Any CPU.Build.0 = Debug|Any CPU
		{7A8A0D06-E054-44E4-9F31-64C09EFBF1DD}.Release|Any CPU.ActiveCfg = Release|Any CPU
		{7A8A0D06-E054-44E4-9F31-64C09EFBF1DD}.Release|Any CPU.Build.0 = Release|Any CPU
		{704E3F6E-82F6-4683-8B03-66DB241476EB}.Debug|Any CPU.ActiveCfg = Debug|Any CPU
		{704E3F6E-82F6-4683-8B03-66DB241476EB}.Debug|Any CPU.Build.0 = Debug|Any CPU
		{704E3F6E-82F6-4683-8B03-66DB241476EB}.Release|Any CPU.ActiveCfg = Release|Any CPU
		{704E3F6E-82F6-4683-8B03-66DB241476EB}.Release|Any CPU.Build.0 = Release|Any CPU
		{AEF9380D-91D8-40A1-B4DE-060626B1E1D3}.Debug|Any CPU.ActiveCfg = Debug|Any CPU
		{AEF9380D-91D8-40A1-B4DE-060626B1E1D3}.Debug|Any CPU.Build.0 = Debug|Any CPU
		{AEF9380D-91D8-40A1-B4DE-060626B1E1D3}.Release|Any CPU.ActiveCfg = Release|Any CPU
		{AEF9380D-91D8-40A1-B4DE-060626B1E1D3}.Release|Any CPU.Build.0 = Release|Any CPU
		{4677C989-5ABC-450C-972C-DB8D8794B588}.Debug|Any CPU.ActiveCfg = Debug|Any CPU
		{4677C989-5ABC-450C-972C-DB8D8794B588}.Debug|Any CPU.Build.0 = Debug|Any CPU
		{4677C989-5ABC-450C-972C-DB8D8794B588}.Release|Any CPU.ActiveCfg = Release|Any CPU
		{4677C989-5ABC-450C-972C-DB8D8794B588}.Release|Any CPU.Build.0 = Release|Any CPU
		{F5C8AA83-DA5E-4229-834A-D59170905C55}.Debug|Any CPU.ActiveCfg = Debug|Any CPU
		{F5C8AA83-DA5E-4229-834A-D59170905C55}.Debug|Any CPU.Build.0 = Debug|Any CPU
		{F5C8AA83-DA5E-4229-834A-D59170905C55}.Release|Any CPU.ActiveCfg = Release|Any CPU
		{F5C8AA83-DA5E-4229-834A-D59170905C55}.Release|Any CPU.Build.0 = Release|Any CPU
		{9464B322-4441-4189-8987-5783259C146C}.Debug|Any CPU.ActiveCfg = Debug|Any CPU
		{9464B322-4441-4189-8987-5783259C146C}.Debug|Any CPU.Build.0 = Debug|Any CPU
		{9464B322-4441-4189-8987-5783259C146C}.Release|Any CPU.ActiveCfg = Release|Any CPU
		{9464B322-4441-4189-8987-5783259C146C}.Release|Any CPU.Build.0 = Release|Any CPU
		{5CB2B8EF-C7B3-433B-B3AC-DC4F3E49D722}.Debug|Any CPU.ActiveCfg = Debug|Any CPU
		{5CB2B8EF-C7B3-433B-B3AC-DC4F3E49D722}.Debug|Any CPU.Build.0 = Debug|Any CPU
		{5CB2B8EF-C7B3-433B-B3AC-DC4F3E49D722}.Release|Any CPU.ActiveCfg = Release|Any CPU
		{5CB2B8EF-C7B3-433B-B3AC-DC4F3E49D722}.Release|Any CPU.Build.0 = Release|Any CPU
		{121B813F-893E-4601-B7DA-E766451B504E}.Debug|Any CPU.ActiveCfg = Debug|Any CPU
		{121B813F-893E-4601-B7DA-E766451B504E}.Debug|Any CPU.Build.0 = Debug|Any CPU
		{121B813F-893E-4601-B7DA-E766451B504E}.Release|Any CPU.ActiveCfg = Release|Any CPU
		{121B813F-893E-4601-B7DA-E766451B504E}.Release|Any CPU.Build.0 = Release|Any CPU
		{8281352C-4EB9-4B25-84CB-48366D6A12DD}.Debug|Any CPU.ActiveCfg = Debug|Any CPU
		{8281352C-4EB9-4B25-84CB-48366D6A12DD}.Debug|Any CPU.Build.0 = Debug|Any CPU
		{8281352C-4EB9-4B25-84CB-48366D6A12DD}.Release|Any CPU.ActiveCfg = Release|Any CPU
		{8281352C-4EB9-4B25-84CB-48366D6A12DD}.Release|Any CPU.Build.0 = Release|Any CPU
		{3DA28002-0527-45E0-985D-A9358029F68B}.Debug|Any CPU.ActiveCfg = Debug|Any CPU
		{3DA28002-0527-45E0-985D-A9358029F68B}.Debug|Any CPU.Build.0 = Debug|Any CPU
		{3DA28002-0527-45E0-985D-A9358029F68B}.Release|Any CPU.ActiveCfg = Release|Any CPU
		{3DA28002-0527-45E0-985D-A9358029F68B}.Release|Any CPU.Build.0 = Release|Any CPU
		{693E5DB4-573F-4FFD-879C-16877A886950}.Debug|Any CPU.ActiveCfg = Debug|Any CPU
		{693E5DB4-573F-4FFD-879C-16877A886950}.Debug|Any CPU.Build.0 = Debug|Any CPU
		{693E5DB4-573F-4FFD-879C-16877A886950}.Release|Any CPU.ActiveCfg = Release|Any CPU
		{693E5DB4-573F-4FFD-879C-16877A886950}.Release|Any CPU.Build.0 = Release|Any CPU
		{F75CB1AB-9176-4299-8AC0-683053918F6D}.Debug|Any CPU.ActiveCfg = Debug|Any CPU
		{F75CB1AB-9176-4299-8AC0-683053918F6D}.Debug|Any CPU.Build.0 = Debug|Any CPU
		{F75CB1AB-9176-4299-8AC0-683053918F6D}.Release|Any CPU.ActiveCfg = Release|Any CPU
		{F75CB1AB-9176-4299-8AC0-683053918F6D}.Release|Any CPU.Build.0 = Release|Any CPU
		{67FAF4EA-20CD-4FEF-BF69-2D14B3AB591F}.Debug|Any CPU.ActiveCfg = Debug|Any CPU
		{67FAF4EA-20CD-4FEF-BF69-2D14B3AB591F}.Debug|Any CPU.Build.0 = Debug|Any CPU
		{67FAF4EA-20CD-4FEF-BF69-2D14B3AB591F}.Release|Any CPU.ActiveCfg = Release|Any CPU
		{67FAF4EA-20CD-4FEF-BF69-2D14B3AB591F}.Release|Any CPU.Build.0 = Release|Any CPU
		{B766EBB6-78BD-481F-A03F-799C6E166FB1}.Debug|Any CPU.ActiveCfg = Debug|Any CPU
		{B766EBB6-78BD-481F-A03F-799C6E166FB1}.Debug|Any CPU.Build.0 = Debug|Any CPU
		{B766EBB6-78BD-481F-A03F-799C6E166FB1}.Release|Any CPU.ActiveCfg = Release|Any CPU
		{B766EBB6-78BD-481F-A03F-799C6E166FB1}.Release|Any CPU.Build.0 = Release|Any CPU
		{5E0185A1-5FBD-4920-8944-2FC66F286789}.Debug|Any CPU.ActiveCfg = Debug|Any CPU
		{5E0185A1-5FBD-4920-8944-2FC66F286789}.Debug|Any CPU.Build.0 = Debug|Any CPU
		{5E0185A1-5FBD-4920-8944-2FC66F286789}.Release|Any CPU.ActiveCfg = Release|Any CPU
		{5E0185A1-5FBD-4920-8944-2FC66F286789}.Release|Any CPU.Build.0 = Release|Any CPU
		{50FDC040-BC64-48C2-B216-75B2ADA172FB}.Debug|Any CPU.ActiveCfg = Debug|Any CPU
		{50FDC040-BC64-48C2-B216-75B2ADA172FB}.Debug|Any CPU.Build.0 = Debug|Any CPU
		{50FDC040-BC64-48C2-B216-75B2ADA172FB}.Release|Any CPU.ActiveCfg = Release|Any CPU
		{50FDC040-BC64-48C2-B216-75B2ADA172FB}.Release|Any CPU.Build.0 = Release|Any CPU
		{3F912B16-F695-4F0D-BA8F-B37B7BC241B3}.Debug|Any CPU.ActiveCfg = Debug|Any CPU
		{3F912B16-F695-4F0D-BA8F-B37B7BC241B3}.Debug|Any CPU.Build.0 = Debug|Any CPU
		{3F912B16-F695-4F0D-BA8F-B37B7BC241B3}.Release|Any CPU.ActiveCfg = Release|Any CPU
		{3F912B16-F695-4F0D-BA8F-B37B7BC241B3}.Release|Any CPU.Build.0 = Release|Any CPU
		{FCA12FF8-EFED-46D6-BB87-0A56E48997C4}.Debug|Any CPU.ActiveCfg = Debug|Any CPU
		{FCA12FF8-EFED-46D6-BB87-0A56E48997C4}.Debug|Any CPU.Build.0 = Debug|Any CPU
		{FCA12FF8-EFED-46D6-BB87-0A56E48997C4}.Release|Any CPU.ActiveCfg = Release|Any CPU
		{FCA12FF8-EFED-46D6-BB87-0A56E48997C4}.Release|Any CPU.Build.0 = Release|Any CPU
	EndGlobalSection
	GlobalSection(SolutionProperties) = preSolution
		HideSolutionNode = FALSE
	EndGlobalSection
	GlobalSection(NestedProjects) = preSolution
		{5BF1703B-5A9A-428D-A24E-79293C030205} = {2D22F866-24B4-4AD9-91B9-838D267EB67D}
		{0ADD6212-4271-4500-A928-38E1BAC2DEC4} = {2D22F866-24B4-4AD9-91B9-838D267EB67D}
		{14ED4461-72C1-4186-88F8-75A8F5CD70FF} = {2D22F866-24B4-4AD9-91B9-838D267EB67D}
		{76472D00-111C-480C-8AA5-1F64444A703A} = {2D22F866-24B4-4AD9-91B9-838D267EB67D}
		{6B9C1998-03BA-4F09-8163-2D46BC19CC85} = {2D22F866-24B4-4AD9-91B9-838D267EB67D}
		{961BE19C-3052-4442-BDC3-65F35F068E31} = {1F13AF88-37DE-4229-B4B2-FD1532794E7D}
		{7A8A0D06-E054-44E4-9F31-64C09EFBF1DD} = {1F13AF88-37DE-4229-B4B2-FD1532794E7D}
		{704E3F6E-82F6-4683-8B03-66DB241476EB} = {1F13AF88-37DE-4229-B4B2-FD1532794E7D}
		{AEF9380D-91D8-40A1-B4DE-060626B1E1D3} = {1F13AF88-37DE-4229-B4B2-FD1532794E7D}
		{4677C989-5ABC-450C-972C-DB8D8794B588} = {1F13AF88-37DE-4229-B4B2-FD1532794E7D}
		{F5C8AA83-DA5E-4229-834A-D59170905C55} = {7D773398-4BDA-4011-8779-687FB44CA9A0}
		{9464B322-4441-4189-8987-5783259C146C} = {7D773398-4BDA-4011-8779-687FB44CA9A0}
		{5CB2B8EF-C7B3-433B-B3AC-DC4F3E49D722} = {7D773398-4BDA-4011-8779-687FB44CA9A0}
		{121B813F-893E-4601-B7DA-E766451B504E} = {7D773398-4BDA-4011-8779-687FB44CA9A0}
		{8281352C-4EB9-4B25-84CB-48366D6A12DD} = {7D773398-4BDA-4011-8779-687FB44CA9A0}
		{3DA28002-0527-45E0-985D-A9358029F68B} = {4449F480-D9DE-4F4F-B5BD-9F23C0FB92B4}
		{693E5DB4-573F-4FFD-879C-16877A886950} = {4449F480-D9DE-4F4F-B5BD-9F23C0FB92B4}
		{F75CB1AB-9176-4299-8AC0-683053918F6D} = {4449F480-D9DE-4F4F-B5BD-9F23C0FB92B4}
		{67FAF4EA-20CD-4FEF-BF69-2D14B3AB591F} = {4449F480-D9DE-4F4F-B5BD-9F23C0FB92B4}
		{B766EBB6-78BD-481F-A03F-799C6E166FB1} = {4449F480-D9DE-4F4F-B5BD-9F23C0FB92B4}
		{5E0185A1-5FBD-4920-8944-2FC66F286789} = {4449F480-D9DE-4F4F-B5BD-9F23C0FB92B4}
		{50FDC040-BC64-48C2-B216-75B2ADA172FB} = {8D616A49-3E15-4BB5-B981-3DCB17D0C8C3}
	EndGlobalSection
	GlobalSection(ExtensibilityGlobals) = postSolution
		SolutionGuid = {E8BFA173-8B09-4404-9EEB-2C33160655B5}
	EndGlobalSection
EndGlobal
